// !$*UTF8*$!
{
	archiveVersion = 1;
	classes = {
	};
	objectVersion = 46;
	objects = {

/* Begin PBXBuildFile section */
		8405DCA20A0AAD0000D307C2 /* Router.nib in Resources */ = {isa = PBXBuildFile; fileRef = 8405DCA00A0AAD0000D307C2 /* Router.nib */; };
		8405DD3C0A0AB1A600D307C2 /* Keyer.m in Sources */ = {isa = PBXBuildFile; fileRef = 8405DD3B0A0AB1A600D307C2 /* Keyer.m */; };
		841A6CF911CD82F4004DC6E8 /* Router.m in Sources */ = {isa = PBXBuildFile; fileRef = 841A6CF811CD82F4004DC6E8 /* Router.m */; };
		842CA3AB0F6C4EA8009502F8 /* KeyerMode.m in Sources */ = {isa = PBXBuildFile; fileRef = 842CA3AA0F6C4EA8009502F8 /* KeyerMode.m */; };
		842CA3BA0F6C527A009502F8 /* KeyerMode.nib in Resources */ = {isa = PBXBuildFile; fileRef = 842CA3B80F6C527A009502F8 /* KeyerMode.nib */; };
		842CAAF70F701C35009502F8 /* KeyerSettings.nib in Resources */ = {isa = PBXBuildFile; fileRef = 842CAAF50F701C35009502F8 /* KeyerSettings.nib */; };
		842CAB7F0F7051A8009502F8 /* KeyerSettings.m in Sources */ = {isa = PBXBuildFile; fileRef = 842CAB7E0F7051A8009502F8 /* KeyerSettings.m */; };
		845910910A276D6B000B3BB2 /* KeyerTest.nib in Resources */ = {isa = PBXBuildFile; fileRef = 8459108F0A276D6B000B3BB2 /* KeyerTest.nib */; };
		845910BA0A276F98000B3BB2 /* KeyerTest.m in Sources */ = {isa = PBXBuildFile; fileRef = 845910B70A276F98000B3BB2 /* KeyerTest.m */; };
		845910BB0A276F98000B3BB2 /* RouterTest.m in Sources */ = {isa = PBXBuildFile; fileRef = 845910B90A276F98000B3BB2 /* RouterTest.m */; };
		845910C20A2770E4000B3BB2 /* RouterTest.nib in Resources */ = {isa = PBXBuildFile; fileRef = 845910C00A2770E4000B3BB2 /* RouterTest.nib */; };
		845E6C090A297D2C005F5DB7 /* RouterPort.c in Sources */ = {isa = PBXBuildFile; fileRef = 845E6C070A297D2C005F5DB7 /* RouterPort.c */; };
		8490AD230A2B6254006E282F /* IOKit.framework in Frameworks */ = {isa = PBXBuildFile; fileRef = 8490AD220A2B6254006E282F /* IOKit.framework */; };
		84B584D60A602E7D00D29602 /* Versions in Resources */ = {isa = PBXBuildFile; fileRef = 84B584D50A602E7D00D29602 /* Versions */; };
		84C127970A0924CC004DF109 /* knob.icns in Resources */ = {isa = PBXBuildFile; fileRef = 84C127960A0924CC004DF109 /* knob.icns */; };
		84C127B60A092604004DF109 /* Controller.m in Sources */ = {isa = PBXBuildFile; fileRef = 84C127B50A092604004DF109 /* Controller.m */; };
		84D4F1E60A23781E00E90AFA /* NamedFIFOPair.m in Sources */ = {isa = PBXBuildFile; fileRef = 84D4F1E50A23781E00E90AFA /* NamedFIFOPair.m */; };
		84D4F31A0A2392E200E90AFA /* Server.m in Sources */ = {isa = PBXBuildFile; fileRef = 84D4F3190A2392E200E90AFA /* Server.m */; };
		84D958A60A5A294A00278564 /* WinKeyEmulator.m in Sources */ = {isa = PBXBuildFile; fileRef = 84D958A50A5A294A00278564 /* WinKeyEmulator.m */; };
		84D9591D0A5A348A00278564 /* microHAM Router.sdef in Resources */ = {isa = PBXBuildFile; fileRef = 84D9591C0A5A348A00278564 /* microHAM Router.sdef */; };
		84E89A7D0A320CAE0068824E /* ReplyBuf.m in Sources */ = {isa = PBXBuildFile; fileRef = 84E89A7C0A320CAE0068824E /* ReplyBuf.m */; };
		8D11072A0486CEB800E47090 /* MainMenu.nib in Resources */ = {isa = PBXBuildFile; fileRef = 29B97318FDCFA39411CA2CEA /* MainMenu.nib */; };
		8D11072B0486CEB800E47090 /* InfoPlist.strings in Resources */ = {isa = PBXBuildFile; fileRef = 089C165CFE840E0CC02AAC07 /* InfoPlist.strings */; };
		8D11072D0486CEB800E47090 /* main.m in Sources */ = {isa = PBXBuildFile; fileRef = 29B97316FDCFA39411CA2CEA /* main.m */; settings = {ATTRIBUTES = (); }; };
		8D11072F0486CEB800E47090 /* Cocoa.framework in Frameworks */ = {isa = PBXBuildFile; fileRef = 1058C7A1FEA54F0111CA2CBB /* Cocoa.framework */; };
		9727C95516D074250013B7A3 /* WinKeyer.m in Sources */ = {isa = PBXBuildFile; fileRef = 9727C95416D074250013B7A3 /* WinKeyer.m */; };
		97A7FB1916CFED5800CC7E52 /* WinKeyer.xib in Resources */ = {isa = PBXBuildFile; fileRef = 97A7FB1816CFED5800CC7E52 /* WinKeyer.xib */; };
/* End PBXBuildFile section */

/* Begin PBXFileReference section */
		089C165DFE840E0CC02AAC07 /* English */ = {isa = PBXFileReference; fileEncoding = 10; lastKnownFileType = text.plist.strings; name = English; path = English.lproj/InfoPlist.strings; sourceTree = "<group>"; };
		1058C7A1FEA54F0111CA2CBB /* Cocoa.framework */ = {isa = PBXFileReference; lastKnownFileType = wrapper.framework; name = Cocoa.framework; path = /System/Library/Frameworks/Cocoa.framework; sourceTree = "<absolute>"; };
		29B97316FDCFA39411CA2CEA /* main.m */ = {isa = PBXFileReference; fileEncoding = 4; lastKnownFileType = sourcecode.c.objc; path = main.m; sourceTree = "<group>"; };
		29B97319FDCFA39411CA2CEA /* English */ = {isa = PBXFileReference; lastKnownFileType = wrapper.nib; name = English; path = English.lproj/MainMenu.nib; sourceTree = "<group>"; };
		29B97324FDCFA39411CA2CEA /* AppKit.framework */ = {isa = PBXFileReference; lastKnownFileType = wrapper.framework; name = AppKit.framework; path = /System/Library/Frameworks/AppKit.framework; sourceTree = "<absolute>"; };
		29B97325FDCFA39411CA2CEA /* Foundation.framework */ = {isa = PBXFileReference; lastKnownFileType = wrapper.framework; name = Foundation.framework; path = /System/Library/Frameworks/Foundation.framework; sourceTree = "<absolute>"; };
		32CA4F630368D1EE00C91783 /* µH Router_Prefix.pch */ = {isa = PBXFileReference; fileEncoding = 4; lastKnownFileType = sourcecode.c.h; path = "µH Router_Prefix.pch"; sourceTree = "<group>"; };
		8405DCA10A0AAD0000D307C2 /* English */ = {isa = PBXFileReference; lastKnownFileType = wrapper.nib; name = English; path = English.lproj/Router.nib; sourceTree = "<group>"; };
		8405DD3A0A0AB1A600D307C2 /* Keyer.h */ = {isa = PBXFileReference; fileEncoding = 30; lastKnownFileType = sourcecode.c.h; path = Keyer.h; sourceTree = "<group>"; };
		8405DD3B0A0AB1A600D307C2 /* Keyer.m */ = {isa = PBXFileReference; fileEncoding = 30; lastKnownFileType = sourcecode.c.objc; path = Keyer.m; sourceTree = "<group>"; };
		841A6CF711CD82F4004DC6E8 /* Router.h */ = {isa = PBXFileReference; fileEncoding = 4; lastKnownFileType = sourcecode.c.h; path = Router.h; sourceTree = "<group>"; };
		841A6CF811CD82F4004DC6E8 /* Router.m */ = {isa = PBXFileReference; fileEncoding = 4; lastKnownFileType = sourcecode.c.objc; path = Router.m; sourceTree = "<group>"; };
		842CA3A90F6C4EA8009502F8 /* KeyerMode.h */ = {isa = PBXFileReference; fileEncoding = 4; lastKnownFileType = sourcecode.c.h; path = KeyerMode.h; sourceTree = "<group>"; };
		842CA3AA0F6C4EA8009502F8 /* KeyerMode.m */ = {isa = PBXFileReference; fileEncoding = 4; lastKnownFileType = sourcecode.c.objc; path = KeyerMode.m; sourceTree = "<group>"; };
		842CA3B90F6C527A009502F8 /* English */ = {isa = PBXFileReference; lastKnownFileType = wrapper.nib; name = English; path = English.lproj/KeyerMode.nib; sourceTree = "<group>"; };
		842CAAF60F701C35009502F8 /* English */ = {isa = PBXFileReference; lastKnownFileType = wrapper.nib; name = English; path = English.lproj/KeyerSettings.nib; sourceTree = "<group>"; };
		842CAB7D0F7051A8009502F8 /* KeyerSettings.h */ = {isa = PBXFileReference; fileEncoding = 4; lastKnownFileType = sourcecode.c.h; path = KeyerSettings.h; sourceTree = "<group>"; };
		842CAB7E0F7051A8009502F8 /* KeyerSettings.m */ = {isa = PBXFileReference; fileEncoding = 4; lastKnownFileType = sourcecode.c.objc; path = KeyerSettings.m; sourceTree = "<group>"; };
		845910900A276D6B000B3BB2 /* English */ = {isa = PBXFileReference; lastKnownFileType = wrapper.nib; name = English; path = English.lproj/KeyerTest.nib; sourceTree = "<group>"; };
		845910B60A276F98000B3BB2 /* KeyerTest.h */ = {isa = PBXFileReference; fileEncoding = 30; lastKnownFileType = sourcecode.c.h; path = KeyerTest.h; sourceTree = "<group>"; };
		845910B70A276F98000B3BB2 /* KeyerTest.m */ = {isa = PBXFileReference; fileEncoding = 30; lastKnownFileType = sourcecode.c.objc; path = KeyerTest.m; sourceTree = "<group>"; };
		845910B80A276F98000B3BB2 /* RouterTest.h */ = {isa = PBXFileReference; fileEncoding = 30; lastKnownFileType = sourcecode.c.h; path = RouterTest.h; sourceTree = "<group>"; };
		845910B90A276F98000B3BB2 /* RouterTest.m */ = {isa = PBXFileReference; fileEncoding = 30; lastKnownFileType = sourcecode.c.objc; path = RouterTest.m; sourceTree = "<group>"; };
		845910C10A2770E4000B3BB2 /* English */ = {isa = PBXFileReference; lastKnownFileType = wrapper.nib; name = English; path = English.lproj/RouterTest.nib; sourceTree = "<group>"; };
		845E6C070A297D2C005F5DB7 /* RouterPort.c */ = {isa = PBXFileReference; fileEncoding = 30; lastKnownFileType = sourcecode.c.c; path = RouterPort.c; sourceTree = "<group>"; };
		845E6C080A297D2C005F5DB7 /* RouterPort.h */ = {isa = PBXFileReference; fileEncoding = 30; lastKnownFileType = sourcecode.c.h; path = RouterPort.h; sourceTree = "<group>"; };
		8490AD220A2B6254006E282F /* IOKit.framework */ = {isa = PBXFileReference; lastKnownFileType = wrapper.framework; name = IOKit.framework; path = /System/Library/Frameworks/IOKit.framework; sourceTree = "<absolute>"; };
		84AEB00C0A0DDD7B00D7716F /* LogMacro.h */ = {isa = PBXFileReference; fileEncoding = 4; lastKnownFileType = sourcecode.c.h; path = LogMacro.h; sourceTree = "<group>"; };
		84B584D50A602E7D00D29602 /* Versions */ = {isa = PBXFileReference; fileEncoding = 30; lastKnownFileType = text; path = Versions; sourceTree = "<group>"; };
		84C126310A086929004DF109 /* RouterPlist.h */ = {isa = PBXFileReference; fileEncoding = 30; lastKnownFileType = sourcecode.c.h; path = RouterPlist.h; sourceTree = "<group>"; };
		84C126340A086930004DF109 /* Copyright.h */ = {isa = PBXFileReference; fileEncoding = 30; lastKnownFileType = sourcecode.c.h; path = Copyright.h; sourceTree = "<group>"; };
		84C127960A0924CC004DF109 /* knob.icns */ = {isa = PBXFileReference; lastKnownFileType = image.icns; name = knob.icns; path = icon/knob.icns; sourceTree = "<group>"; };
		84C127B40A092604004DF109 /* Controller.h */ = {isa = PBXFileReference; fileEncoding = 30; lastKnownFileType = sourcecode.c.h; path = Controller.h; sourceTree = "<group>"; };
		84C127B50A092604004DF109 /* Controller.m */ = {isa = PBXFileReference; fileEncoding = 30; lastKnownFileType = sourcecode.c.objc; path = Controller.m; sourceTree = "<group>"; };
		84D4F1E40A23781E00E90AFA /* NamedFIFOPair.h */ = {isa = PBXFileReference; fileEncoding = 30; lastKnownFileType = sourcecode.c.h; path = NamedFIFOPair.h; sourceTree = "<group>"; };
		84D4F1E50A23781E00E90AFA /* NamedFIFOPair.m */ = {isa = PBXFileReference; fileEncoding = 30; lastKnownFileType = sourcecode.c.objc; path = NamedFIFOPair.m; sourceTree = "<group>"; };
		84D4F3180A2392E200E90AFA /* Server.h */ = {isa = PBXFileReference; fileEncoding = 4; lastKnownFileType = sourcecode.c.h; path = Server.h; sourceTree = "<group>"; };
		84D4F3190A2392E200E90AFA /* Server.m */ = {isa = PBXFileReference; fileEncoding = 4; lastKnownFileType = sourcecode.c.objc; path = Server.m; sourceTree = "<group>"; };
		84D958A40A5A294A00278564 /* WinKeyEmulator.h */ = {isa = PBXFileReference; fileEncoding = 4; lastKnownFileType = sourcecode.c.h; path = WinKeyEmulator.h; sourceTree = "<group>"; };
		84D958A50A5A294A00278564 /* WinKeyEmulator.m */ = {isa = PBXFileReference; fileEncoding = 4; lastKnownFileType = sourcecode.c.objc; path = WinKeyEmulator.m; sourceTree = "<group>"; };
		84D9591C0A5A348A00278564 /* microHAM Router.sdef */ = {isa = PBXFileReference; fileEncoding = 30; lastKnownFileType = text.xml; path = "microHAM Router.sdef"; sourceTree = "<group>"; };
		84E89A7B0A320CAE0068824E /* ReplyBuf.h */ = {isa = PBXFileReference; fileEncoding = 4; lastKnownFileType = sourcecode.c.h; path = ReplyBuf.h; sourceTree = "<group>"; };
		84E89A7C0A320CAE0068824E /* ReplyBuf.m */ = {isa = PBXFileReference; fileEncoding = 4; lastKnownFileType = sourcecode.c.objc; path = ReplyBuf.m; sourceTree = "<group>"; };
		84EEECBA0A1E4CB2003C3FE1 /* RouterCommands.h */ = {isa = PBXFileReference; fileEncoding = 4; lastKnownFileType = sourcecode.c.h; path = RouterCommands.h; sourceTree = "<group>"; };
		84F2677E0F6AD03C009C0528 /* UDP.h */ = {isa = PBXFileReference; fileEncoding = 4; lastKnownFileType = sourcecode.c.h; path = UDP.h; sourceTree = "<group>"; };
		8D1107310486CEB800E47090 /* Info.plist */ = {isa = PBXFileReference; fileEncoding = 4; lastKnownFileType = text.plist; path = Info.plist; sourceTree = "<group>"; };
		8D1107320486CEB800E47090 /* µH Router.app */ = {isa = PBXFileReference; explicitFileType = wrapper.application; includeInIndex = 0; path = "µH Router.app"; sourceTree = BUILT_PRODUCTS_DIR; };
		9727C95316D074250013B7A3 /* WinKeyer.h */ = {isa = PBXFileReference; fileEncoding = 4; lastKnownFileType = sourcecode.c.h; path = WinKeyer.h; sourceTree = "<group>"; };
		9727C95416D074250013B7A3 /* WinKeyer.m */ = {isa = PBXFileReference; fileEncoding = 4; lastKnownFileType = sourcecode.c.objc; path = WinKeyer.m; sourceTree = "<group>"; };
		97A7FB1816CFED5800CC7E52 /* WinKeyer.xib */ = {isa = PBXFileReference; fileEncoding = 4; lastKnownFileType = file.xib; name = WinKeyer.xib; path = Sources/Router/WinKeyer.xib; sourceTree = "<group>"; };
/* End PBXFileReference section */

/* Begin PBXFrameworksBuildPhase section */
		8D11072E0486CEB800E47090 /* Frameworks */ = {
			isa = PBXFrameworksBuildPhase;
			buildActionMask = 2147483647;
			files = (
				8D11072F0486CEB800E47090 /* Cocoa.framework in Frameworks */,
				8490AD230A2B6254006E282F /* IOKit.framework in Frameworks */,
			);
			runOnlyForDeploymentPostprocessing = 0;
		};
/* End PBXFrameworksBuildPhase section */

/* Begin PBXGroup section */
		1058C7A0FEA54F0111CA2CBB /* Linked Frameworks */ = {
			isa = PBXGroup;
			children = (
				1058C7A1FEA54F0111CA2CBB /* Cocoa.framework */,
				8490AD220A2B6254006E282F /* IOKit.framework */,
			);
			name = "Linked Frameworks";
			sourceTree = "<group>";
		};
		1058C7A2FEA54F0111CA2CBB /* Other Frameworks */ = {
			isa = PBXGroup;
			children = (
				29B97324FDCFA39411CA2CEA /* AppKit.framework */,
				29B97325FDCFA39411CA2CEA /* Foundation.framework */,
			);
			name = "Other Frameworks";
			sourceTree = "<group>";
		};
		19C28FACFE9D520D11CA2CBB /* Products */ = {
			isa = PBXGroup;
			children = (
				8D1107320486CEB800E47090 /* µH Router.app */,
			);
			name = Products;
			sourceTree = "<group>";
		};
		29B97314FDCFA39411CA2CEA /* µH Router */ = {
			isa = PBXGroup;
			children = (
				84C1262C0A086929004DF109 /* Router */,
				845910B50A276F98000B3BB2 /* Router Test */,
				29B97315FDCFA39411CA2CEA /* Other Sources */,
				29B97317FDCFA39411CA2CEA /* Resources */,
				29B97323FDCFA39411CA2CEA /* Frameworks */,
				19C28FACFE9D520D11CA2CBB /* Products */,
			);
			name = "µH Router";
			sourceTree = "<group>";
		};
		29B97315FDCFA39411CA2CEA /* Other Sources */ = {
			isa = PBXGroup;
			children = (
				84C126340A086930004DF109 /* Copyright.h */,
				32CA4F630368D1EE00C91783 /* µH Router_Prefix.pch */,
				29B97316FDCFA39411CA2CEA /* main.m */,
			);
			name = "Other Sources";
			sourceTree = "<group>";
		};
		29B97317FDCFA39411CA2CEA /* Resources */ = {
			isa = PBXGroup;
			children = (
				84B584D50A602E7D00D29602 /* Versions */,
				84D9591C0A5A348A00278564 /* microHAM Router.sdef */,
				84C127960A0924CC004DF109 /* knob.icns */,
				8D1107310486CEB800E47090 /* Info.plist */,
				089C165CFE840E0CC02AAC07 /* InfoPlist.strings */,
				29B97318FDCFA39411CA2CEA /* MainMenu.nib */,
				8405DCA00A0AAD0000D307C2 /* Router.nib */,
				842CA3B80F6C527A009502F8 /* KeyerMode.nib */,
				842CAAF50F701C35009502F8 /* KeyerSettings.nib */,
				845910C00A2770E4000B3BB2 /* RouterTest.nib */,
				8459108F0A276D6B000B3BB2 /* KeyerTest.nib */,
				97A7FB1816CFED5800CC7E52 /* WinKeyer.xib */,
			);
			name = Resources;
			sourceTree = "<group>";
		};
		29B97323FDCFA39411CA2CEA /* Frameworks */ = {
			isa = PBXGroup;
			children = (
				1058C7A0FEA54F0111CA2CBB /* Linked Frameworks */,
				1058C7A2FEA54F0111CA2CBB /* Other Frameworks */,
			);
			name = Frameworks;
			sourceTree = "<group>";
		};
		845910B50A276F98000B3BB2 /* Router Test */ = {
			isa = PBXGroup;
			children = (
				845910B80A276F98000B3BB2 /* RouterTest.h */,
				845910B90A276F98000B3BB2 /* RouterTest.m */,
				845910B60A276F98000B3BB2 /* KeyerTest.h */,
				845910B70A276F98000B3BB2 /* KeyerTest.m */,
				845E6C080A297D2C005F5DB7 /* RouterPort.h */,
				845E6C070A297D2C005F5DB7 /* RouterPort.c */,
			);
			name = "Router Test";
			path = "Sources/Router Test";
			sourceTree = "<group>";
		};
		84C1262C0A086929004DF109 /* Router */ = {
			isa = PBXGroup;
			children = (
				84C127B40A092604004DF109 /* Controller.h */,
				84C127B50A092604004DF109 /* Controller.m */,
				841A6CF711CD82F4004DC6E8 /* Router.h */,
				841A6CF811CD82F4004DC6E8 /* Router.m */,
				842CAB7D0F7051A8009502F8 /* KeyerSettings.h */,
				842CAB7E0F7051A8009502F8 /* KeyerSettings.m */,
				9727C95316D074250013B7A3 /* WinKeyer.h */,
				9727C95416D074250013B7A3 /* WinKeyer.m */,
				84E89A7B0A320CAE0068824E /* ReplyBuf.h */,
				84E89A7C0A320CAE0068824E /* ReplyBuf.m */,
				84D4F3180A2392E200E90AFA /* Server.h */,
				84D4F3190A2392E200E90AFA /* Server.m */,
				8405DD3A0A0AB1A600D307C2 /* Keyer.h */,
				8405DD3B0A0AB1A600D307C2 /* Keyer.m */,
				842CA3A90F6C4EA8009502F8 /* KeyerMode.h */,
				842CA3AA0F6C4EA8009502F8 /* KeyerMode.m */,
				84D958A40A5A294A00278564 /* WinKeyEmulator.h */,
				84D958A50A5A294A00278564 /* WinKeyEmulator.m */,
				84D4F1E40A23781E00E90AFA /* NamedFIFOPair.h */,
				84D4F1E50A23781E00E90AFA /* NamedFIFOPair.m */,
				84C126310A086929004DF109 /* RouterPlist.h */,
				84AEB00C0A0DDD7B00D7716F /* LogMacro.h */,
				84EEECBA0A1E4CB2003C3FE1 /* RouterCommands.h */,
				84F2677E0F6AD03C009C0528 /* UDP.h */,
			);
			name = Router;
			path = Sources/Router;
			sourceTree = "<group>";
		};
/* End PBXGroup section */

/* Begin PBXNativeTarget section */
		8D1107260486CEB800E47090 /* µH Router */ = {
			isa = PBXNativeTarget;
			buildConfigurationList = C01FCF4A08A954540054247B /* Build configuration list for PBXNativeTarget "µH Router" */;
			buildPhases = (
				8D1107290486CEB800E47090 /* Resources */,
				8D11072C0486CEB800E47090 /* Sources */,
				8D11072E0486CEB800E47090 /* Frameworks */,
			);
			buildRules = (
			);
			dependencies = (
			);
			name = "µH Router";
			productInstallPath = "$(HOME)/Applications";
			productName = "µH Router";
			productReference = 8D1107320486CEB800E47090 /* µH Router.app */;
			productType = "com.apple.product-type.application";
		};
/* End PBXNativeTarget section */

/* Begin PBXProject section */
		29B97313FDCFA39411CA2CEA /* Project object */ = {
			isa = PBXProject;
			attributes = {
				LastUpgradeCheck = 0460;
				TargetAttributes = {
					8D1107260486CEB800E47090 = {
						DevelopmentTeam = 4347AP2586;
					};
				};
			};
			buildConfigurationList = C01FCF4E08A954540054247B /* Build configuration list for PBXProject "microHAM Router" */;
			compatibilityVersion = "Xcode 3.2";
			developmentRegion = English;
			hasScannedForEncodings = 1;
			knownRegions = (
				English,
				Japanese,
				French,
				German,
			);
			mainGroup = 29B97314FDCFA39411CA2CEA /* µH Router */;
			projectDirPath = "";
			projectRoot = "";
			targets = (
				8D1107260486CEB800E47090 /* µH Router */,
			);
		};
/* End PBXProject section */

/* Begin PBXResourcesBuildPhase section */
		8D1107290486CEB800E47090 /* Resources */ = {
			isa = PBXResourcesBuildPhase;
			buildActionMask = 2147483647;
			files = (
				8D11072B0486CEB800E47090 /* InfoPlist.strings in Resources */,
				84C127970A0924CC004DF109 /* knob.icns in Resources */,
				8D11072A0486CEB800E47090 /* MainMenu.nib in Resources */,
				8405DCA20A0AAD0000D307C2 /* Router.nib in Resources */,
				845910910A276D6B000B3BB2 /* KeyerTest.nib in Resources */,
				845910C20A2770E4000B3BB2 /* RouterTest.nib in Resources */,
				84D9591D0A5A348A00278564 /* microHAM Router.sdef in Resources */,
				84B584D60A602E7D00D29602 /* Versions in Resources */,
				842CA3BA0F6C527A009502F8 /* KeyerMode.nib in Resources */,
				842CAAF70F701C35009502F8 /* KeyerSettings.nib in Resources */,
				97A7FB1916CFED5800CC7E52 /* WinKeyer.xib in Resources */,
			);
			runOnlyForDeploymentPostprocessing = 0;
		};
/* End PBXResourcesBuildPhase section */

/* Begin PBXSourcesBuildPhase section */
		8D11072C0486CEB800E47090 /* Sources */ = {
			isa = PBXSourcesBuildPhase;
			buildActionMask = 2147483647;
			files = (
				8D11072D0486CEB800E47090 /* main.m in Sources */,
				84C127B60A092604004DF109 /* Controller.m in Sources */,
				8405DD3C0A0AB1A600D307C2 /* Keyer.m in Sources */,
				84D4F1E60A23781E00E90AFA /* NamedFIFOPair.m in Sources */,
				84D4F31A0A2392E200E90AFA /* Server.m in Sources */,
				845910BA0A276F98000B3BB2 /* KeyerTest.m in Sources */,
				845910BB0A276F98000B3BB2 /* RouterTest.m in Sources */,
				845E6C090A297D2C005F5DB7 /* RouterPort.c in Sources */,
				84E89A7D0A320CAE0068824E /* ReplyBuf.m in Sources */,
				84D958A60A5A294A00278564 /* WinKeyEmulator.m in Sources */,
				842CA3AB0F6C4EA8009502F8 /* KeyerMode.m in Sources */,
				842CAB7F0F7051A8009502F8 /* KeyerSettings.m in Sources */,
				841A6CF911CD82F4004DC6E8 /* Router.m in Sources */,
				9727C95516D074250013B7A3 /* WinKeyer.m in Sources */,
			);
			runOnlyForDeploymentPostprocessing = 0;
		};
/* End PBXSourcesBuildPhase section */

/* Begin PBXVariantGroup section */
		089C165CFE840E0CC02AAC07 /* InfoPlist.strings */ = {
			isa = PBXVariantGroup;
			children = (
				089C165DFE840E0CC02AAC07 /* English */,
			);
			name = InfoPlist.strings;
			sourceTree = "<group>";
		};
		29B97318FDCFA39411CA2CEA /* MainMenu.nib */ = {
			isa = PBXVariantGroup;
			children = (
				29B97319FDCFA39411CA2CEA /* English */,
			);
			name = MainMenu.nib;
			sourceTree = "<group>";
		};
		8405DCA00A0AAD0000D307C2 /* Router.nib */ = {
			isa = PBXVariantGroup;
			children = (
				8405DCA10A0AAD0000D307C2 /* English */,
			);
			name = Router.nib;
			sourceTree = "<group>";
		};
		842CA3B80F6C527A009502F8 /* KeyerMode.nib */ = {
			isa = PBXVariantGroup;
			children = (
				842CA3B90F6C527A009502F8 /* English */,
			);
			name = KeyerMode.nib;
			sourceTree = "<group>";
		};
		842CAAF50F701C35009502F8 /* KeyerSettings.nib */ = {
			isa = PBXVariantGroup;
			children = (
				842CAAF60F701C35009502F8 /* English */,
			);
			name = KeyerSettings.nib;
			sourceTree = "<group>";
		};
		8459108F0A276D6B000B3BB2 /* KeyerTest.nib */ = {
			isa = PBXVariantGroup;
			children = (
				845910900A276D6B000B3BB2 /* English */,
			);
			name = KeyerTest.nib;
			sourceTree = "<group>";
		};
		845910C00A2770E4000B3BB2 /* RouterTest.nib */ = {
			isa = PBXVariantGroup;
			children = (
				845910C10A2770E4000B3BB2 /* English */,
			);
			name = RouterTest.nib;
			sourceTree = "<group>";
		};
/* End PBXVariantGroup section */

/* Begin XCBuildConfiguration section */
		C01FCF4B08A954540054247B /* Debug */ = {
			isa = XCBuildConfiguration;
			buildSettings = {
				ARCHS = "$(ARCHS_STANDARD)";
				CODE_SIGN_IDENTITY = "Developer ID Application";
				"CODE_SIGN_IDENTITY[sdk=macosx*]" = "Mac Developer";
				COMBINE_HIDPI_IMAGES = YES;
				COPY_PHASE_STRIP = NO;
				GCC_DYNAMIC_NO_PIC = NO;
				GCC_MODEL_TUNING = G5;
				GCC_OPTIMIZATION_LEVEL = 0;
				GCC_VERSION = "";
				INFOPLIST_FILE = Info.plist;
				INSTALL_PATH = "$(HOME)/Applications";
				MACOSX_DEPLOYMENT_TARGET = 10.9;
				PRODUCT_NAME = "µH Router";
				PROVISIONING_PROFILE = "181FB213-D362-4BA7-9597-BD4B7E67A848";
				SDKROOT = macosx;
				WRAPPER_EXTENSION = app;
				ZERO_LINK = YES;
			};
			name = Debug;
		};
		C01FCF4C08A954540054247B /* Release */ = {
			isa = XCBuildConfiguration;
			buildSettings = {
				ARCHS = "$(ARCHS_STANDARD)";
				CODE_SIGN_IDENTITY = "Developer ID Application";
				"CODE_SIGN_IDENTITY[sdk=macosx*]" = "Mac Developer";
				COMBINE_HIDPI_IMAGES = YES;
				GCC_GENERATE_DEBUGGING_SYMBOLS = NO;
				GCC_MODEL_TUNING = G5;
				GCC_OPTIMIZATION_LEVEL = s;
				GCC_VERSION = "";
				INFOPLIST_FILE = Info.plist;
				INSTALL_PATH = "$(HOME)/Applications";
				MACOSX_DEPLOYMENT_TARGET = 10.9;
				PRODUCT_NAME = "µH Router";
				PROVISIONING_PROFILE = "181FB213-D362-4BA7-9597-BD4B7E67A848";
				SDKROOT = macosx;
				WRAPPER_EXTENSION = app;
			};
			name = Release;
		};
		C01FCF4F08A954540054247B /* Debug */ = {
			isa = XCBuildConfiguration;
			buildSettings = {
				GCC_WARN_ABOUT_RETURN_TYPE = YES;
				GCC_WARN_UNUSED_VARIABLE = YES;
				SDKROOT = "$(DEVELOPER_SDK_DIR)/MacOSX10.4u.sdk";
			};
			name = Debug;
		};
		C01FCF5008A954540054247B /* Release */ = {
			isa = XCBuildConfiguration;
			buildSettings = {
				GCC_WARN_ABOUT_RETURN_TYPE = YES;
				GCC_WARN_UNUSED_VARIABLE = YES;
				SDKROOT = "$(DEVELOPER_SDK_DIR)/MacOSX10.4u.sdk";
			};
			name = Release;
		};
/* End XCBuildConfiguration section */

/* Begin XCConfigurationList section */
		C01FCF4A08A954540054247B /* Build configuration list for PBXNativeTarget "µH Router" */ = {
			isa = XCConfigurationList;
			buildConfigurations = (
				C01FCF4B08A954540054247B /* Debug */,
				C01FCF4C08A954540054247B /* Release */,
			);
			defaultConfigurationIsVisible = 0;
			defaultConfigurationName = Release;
		};
		C01FCF4E08A954540054247B /* Build configuration list for PBXProject "microHAM Router" */ = {
			isa = XCConfigurationList;
			buildConfigurations = (
				C01FCF4F08A954540054247B /* Debug */,
				C01FCF5008A954540054247B /* Release */,
			);
			defaultConfigurationIsVisible = 0;
			defaultConfigurationName = Release;
		};
/* End XCConfigurationList section */
	};
	rootObject = 29B97313FDCFA39411CA2CEA /* Project object */;
}
